// !$*UTF8*$!
{
	archiveVersion = 1;
	classes = {
	};
	objectVersion = 46;
	objects = {

/* Begin PBXBuildFile section */
		4900ED061A2F127E0004A1E2 /* DropboxSDK.framework in Frameworks */ = {isa = PBXBuildFile; fileRef = 4900ECDB1A2F127D0004A1E2 /* DropboxSDK.framework */; };
		4900ED111A2F12AB0004A1E2 /* Security.framework in Frameworks */ = {isa = PBXBuildFile; fileRef = 4900ED101A2F12AB0004A1E2 /* Security.framework */; };
		4900ED131A2F12B40004A1E2 /* QuartzCore.framework in Frameworks */ = {isa = PBXBuildFile; fileRef = 4900ED121A2F12B40004A1E2 /* QuartzCore.framework */; };
		4915D0FC1A4ECA5500554480 /* Defines.m in Sources */ = {isa = PBXBuildFile; fileRef = 4915D0F01A4ECA5500554480 /* Defines.m */; };
		4915D0FD1A4ECA5500554480 /* DropboxUploader.m in Sources */ = {isa = PBXBuildFile; fileRef = 4915D0F21A4ECA5500554480 /* DropboxUploader.m */; };
		4915D0FE1A4ECA5500554480 /* GyroDataManager.m in Sources */ = {isa = PBXBuildFile; fileRef = 4915D0F41A4ECA5500554480 /* GyroDataManager.m */; };
		4915D0FF1A4ECA5500554480 /* AddSectionViewController.m in Sources */ = {isa = PBXBuildFile; fileRef = 4915D0F71A4ECA5500554480 /* AddSectionViewController.m */; };
		4915D1001A4ECA5500554480 /* ConfigViewController.m in Sources */ = {isa = PBXBuildFile; fileRef = 4915D0F91A4ECA5500554480 /* ConfigViewController.m */; };
		4915D1011A4ECA5500554480 /* SectionTableViewController.m in Sources */ = {isa = PBXBuildFile; fileRef = 4915D0FB1A4ECA5500554480 /* SectionTableViewController.m */; };
		493260FF1A258B50001D9535 /* Foundation.framework in Frameworks */ = {isa = PBXBuildFile; fileRef = 493260FE1A258B50001D9535 /* Foundation.framework */; };
		493261011A258B50001D9535 /* CoreGraphics.framework in Frameworks */ = {isa = PBXBuildFile; fileRef = 493261001A258B50001D9535 /* CoreGraphics.framework */; };
		493261031A258B50001D9535 /* UIKit.framework in Frameworks */ = {isa = PBXBuildFile; fileRef = 493261021A258B50001D9535 /* UIKit.framework */; };
		493261091A258B50001D9535 /* InfoPlist.strings in Resources */ = {isa = PBXBuildFile; fileRef = 493261071A258B50001D9535 /* InfoPlist.strings */; };
		4932610B1A258B50001D9535 /* main.m in Sources */ = {isa = PBXBuildFile; fileRef = 4932610A1A258B50001D9535 /* main.m */; };
		4932610F1A258B50001D9535 /* AppDelegate.m in Sources */ = {isa = PBXBuildFile; fileRef = 4932610E1A258B50001D9535 /* AppDelegate.m */; };
		493261121A258B50001D9535 /* Main.storyboard in Resources */ = {isa = PBXBuildFile; fileRef = 493261101A258B50001D9535 /* Main.storyboard */; };
		493261171A258B50001D9535 /* Images.xcassets in Resources */ = {isa = PBXBuildFile; fileRef = 493261161A258B50001D9535 /* Images.xcassets */; };
		4932611E1A258B50001D9535 /* XCTest.framework in Frameworks */ = {isa = PBXBuildFile; fileRef = 4932611D1A258B50001D9535 /* XCTest.framework */; };
		4932611F1A258B50001D9535 /* Foundation.framework in Frameworks */ = {isa = PBXBuildFile; fileRef = 493260FE1A258B50001D9535 /* Foundation.framework */; };
		493261201A258B50001D9535 /* UIKit.framework in Frameworks */ = {isa = PBXBuildFile; fileRef = 493261021A258B50001D9535 /* UIKit.framework */; };
		493261281A258B50001D9535 /* InfoPlist.strings in Resources */ = {isa = PBXBuildFile; fileRef = 493261261A258B50001D9535 /* InfoPlist.strings */; };
		4932612A1A258B50001D9535 /* TrainGyroRecorderTests.m in Sources */ = {isa = PBXBuildFile; fileRef = 493261291A258B50001D9535 /* TrainGyroRecorderTests.m */; };
		493261491A25B45B001D9535 /* CoreMotion.framework in Frameworks */ = {isa = PBXBuildFile; fileRef = 493261481A25B45B001D9535 /* CoreMotion.framework */; };
		4932614B1A25B462001D9535 /* MapKit.framework in Frameworks */ = {isa = PBXBuildFile; fileRef = 4932614A1A25B462001D9535 /* MapKit.framework */; };
		49431CEE1A4BF15C00F7FC2F /* AVFoundation.framework in Frameworks */ = {isa = PBXBuildFile; fileRef = 49431CED1A4BF15C00F7FC2F /* AVFoundation.framework */; };
		49431CF01A4BF1D200F7FC2F /* bgm.mp3 in Resources */ = {isa = PBXBuildFile; fileRef = 49431CEF1A4BF1D200F7FC2F /* bgm.mp3 */; };
/* End PBXBuildFile section */

/* Begin PBXContainerItemProxy section */
		493261211A258B50001D9535 /* PBXContainerItemProxy */ = {
			isa = PBXContainerItemProxy;
			containerPortal = 493260F31A258B50001D9535 /* Project object */;
			proxyType = 1;
			remoteGlobalIDString = 493260FA1A258B50001D9535;
			remoteInfo = TrainGyroRecorder;
		};
/* End PBXContainerItemProxy section */

/* Begin PBXFileReference section */
		4900ECDB1A2F127D0004A1E2 /* DropboxSDK.framework */ = {isa = PBXFileReference; lastKnownFileType = wrapper.framework; name = DropboxSDK.framework; path = TrainGyroRecorder/DropboxSDK.framework; sourceTree = "<group>"; };
		4900ED101A2F12AB0004A1E2 /* Security.framework */ = {isa = PBXFileReference; lastKnownFileType = wrapper.framework; name = Security.framework; path = System/Library/Frameworks/Security.framework; sourceTree = SDKROOT; };
		4900ED121A2F12B40004A1E2 /* QuartzCore.framework */ = {isa = PBXFileReference; lastKnownFileType = wrapper.framework; name = QuartzCore.framework; path = System/Library/Frameworks/QuartzCore.framework; sourceTree = SDKROOT; };
		4915D0EF1A4ECA5500554480 /* Defines.h */ = {isa = PBXFileReference; fileEncoding = 4; lastKnownFileType = sourcecode.c.h; path = Defines.h; sourceTree = "<group>"; };
		4915D0F01A4ECA5500554480 /* Defines.m */ = {isa = PBXFileReference; fileEncoding = 4; lastKnownFileType = sourcecode.c.objc; path = Defines.m; sourceTree = "<group>"; };
		4915D0F11A4ECA5500554480 /* DropboxUploader.h */ = {isa = PBXFileReference; fileEncoding = 4; lastKnownFileType = sourcecode.c.h; path = DropboxUploader.h; sourceTree = "<group>"; };
		4915D0F21A4ECA5500554480 /* DropboxUploader.m */ = {isa = PBXFileReference; fileEncoding = 4; lastKnownFileType = sourcecode.c.objc; path = DropboxUploader.m; sourceTree = "<group>"; };
		4915D0F31A4ECA5500554480 /* GyroDataManager.h */ = {isa = PBXFileReference; fileEncoding = 4; lastKnownFileType = sourcecode.c.h; path = GyroDataManager.h; sourceTree = "<group>"; };
		4915D0F41A4ECA5500554480 /* GyroDataManager.m */ = {isa = PBXFileReference; fileEncoding = 4; lastKnownFileType = sourcecode.c.objc; path = GyroDataManager.m; sourceTree = "<group>"; };
		4915D0F61A4ECA5500554480 /* AddSectionViewController.h */ = {isa = PBXFileReference; fileEncoding = 4; lastKnownFileType = sourcecode.c.h; path = AddSectionViewController.h; sourceTree = "<group>"; };
		4915D0F71A4ECA5500554480 /* AddSectionViewController.m */ = {isa = PBXFileReference; fileEncoding = 4; lastKnownFileType = sourcecode.c.objc; path = AddSectionViewController.m; sourceTree = "<group>"; };
		4915D0F81A4ECA5500554480 /* ConfigViewController.h */ = {isa = PBXFileReference; fileEncoding = 4; lastKnownFileType = sourcecode.c.h; path = ConfigViewController.h; sourceTree = "<group>"; };
		4915D0F91A4ECA5500554480 /* ConfigViewController.m */ = {isa = PBXFileReference; fileEncoding = 4; lastKnownFileType = sourcecode.c.objc; path = ConfigViewController.m; sourceTree = "<group>"; };
		4915D0FA1A4ECA5500554480 /* SectionTableViewController.h */ = {isa = PBXFileReference; fileEncoding = 4; lastKnownFileType = sourcecode.c.h; path = SectionTableViewController.h; sourceTree = "<group>"; };
		4915D0FB1A4ECA5500554480 /* SectionTableViewController.m */ = {isa = PBXFileReference; fileEncoding = 4; lastKnownFileType = sourcecode.c.objc; path = SectionTableViewController.m; sourceTree = "<group>"; };
		493260FB1A258B50001D9535 /* TrainGyroRecorder.app */ = {isa = PBXFileReference; explicitFileType = wrapper.application; includeInIndex = 0; path = TrainGyroRecorder.app; sourceTree = BUILT_PRODUCTS_DIR; };
		493260FE1A258B50001D9535 /* Foundation.framework */ = {isa = PBXFileReference; lastKnownFileType = wrapper.framework; name = Foundation.framework; path = System/Library/Frameworks/Foundation.framework; sourceTree = SDKROOT; };
		493261001A258B50001D9535 /* CoreGraphics.framework */ = {isa = PBXFileReference; lastKnownFileType = wrapper.framework; name = CoreGraphics.framework; path = System/Library/Frameworks/CoreGraphics.framework; sourceTree = SDKROOT; };
		493261021A258B50001D9535 /* UIKit.framework */ = {isa = PBXFileReference; lastKnownFileType = wrapper.framework; name = UIKit.framework; path = System/Library/Frameworks/UIKit.framework; sourceTree = SDKROOT; };
		493261061A258B50001D9535 /* TrainGyroRecorder-Info.plist */ = {isa = PBXFileReference; lastKnownFileType = text.plist.xml; path = "TrainGyroRecorder-Info.plist"; sourceTree = "<group>"; };
		493261081A258B50001D9535 /* en */ = {isa = PBXFileReference; lastKnownFileType = text.plist.strings; name = en; path = en.lproj/InfoPlist.strings; sourceTree = "<group>"; };
		4932610A1A258B50001D9535 /* main.m */ = {isa = PBXFileReference; lastKnownFileType = sourcecode.c.objc; path = main.m; sourceTree = "<group>"; };
		4932610C1A258B50001D9535 /* TrainGyroRecorder-Prefix.pch */ = {isa = PBXFileReference; lastKnownFileType = sourcecode.c.h; path = "TrainGyroRecorder-Prefix.pch"; sourceTree = "<group>"; };
		4932610D1A258B50001D9535 /* AppDelegate.h */ = {isa = PBXFileReference; lastKnownFileType = sourcecode.c.h; path = AppDelegate.h; sourceTree = "<group>"; };
		4932610E1A258B50001D9535 /* AppDelegate.m */ = {isa = PBXFileReference; lastKnownFileType = sourcecode.c.objc; path = AppDelegate.m; sourceTree = "<group>"; };
		493261111A258B50001D9535 /* Base */ = {isa = PBXFileReference; lastKnownFileType = file.storyboard; name = Base; path = Base.lproj/Main.storyboard; sourceTree = "<group>"; };
		493261161A258B50001D9535 /* Images.xcassets */ = {isa = PBXFileReference; lastKnownFileType = folder.assetcatalog; path = Images.xcassets; sourceTree = "<group>"; };
		4932611C1A258B50001D9535 /* TrainGyroRecorderTests.xctest */ = {isa = PBXFileReference; explicitFileType = wrapper.cfbundle; includeInIndex = 0; path = TrainGyroRecorderTests.xctest; sourceTree = BUILT_PRODUCTS_DIR; };
		4932611D1A258B50001D9535 /* XCTest.framework */ = {isa = PBXFileReference; lastKnownFileType = wrapper.framework; name = XCTest.framework; path = Library/Frameworks/XCTest.framework; sourceTree = DEVELOPER_DIR; };
		493261251A258B50001D9535 /* TrainGyroRecorderTests-Info.plist */ = {isa = PBXFileReference; lastKnownFileType = text.plist.xml; path = "TrainGyroRecorderTests-Info.plist"; sourceTree = "<group>"; };
		493261271A258B50001D9535 /* en */ = {isa = PBXFileReference; lastKnownFileType = text.plist.strings; name = en; path = en.lproj/InfoPlist.strings; sourceTree = "<group>"; };
		493261291A258B50001D9535 /* TrainGyroRecorderTests.m */ = {isa = PBXFileReference; lastKnownFileType = sourcecode.c.objc; path = TrainGyroRecorderTests.m; sourceTree = "<group>"; };
		493261481A25B45B001D9535 /* CoreMotion.framework */ = {isa = PBXFileReference; lastKnownFileType = wrapper.framework; name = CoreMotion.framework; path = System/Library/Frameworks/CoreMotion.framework; sourceTree = SDKROOT; };
		4932614A1A25B462001D9535 /* MapKit.framework */ = {isa = PBXFileReference; lastKnownFileType = wrapper.framework; name = MapKit.framework; path = System/Library/Frameworks/MapKit.framework; sourceTree = SDKROOT; };
		49431CED1A4BF15C00F7FC2F /* AVFoundation.framework */ = {isa = PBXFileReference; lastKnownFileType = wrapper.framework; name = AVFoundation.framework; path = System/Library/Frameworks/AVFoundation.framework; sourceTree = SDKROOT; };
		49431CEF1A4BF1D200F7FC2F /* bgm.mp3 */ = {isa = PBXFileReference; lastKnownFileType = audio.mp3; name = bgm.mp3; path = "../../../Dropbox-Jin/Dropbox/bgm.mp3"; sourceTree = "<group>"; };
/* End PBXFileReference section */

/* Begin PBXFrameworksBuildPhase section */
		493260F81A258B50001D9535 /* Frameworks */ = {
			isa = PBXFrameworksBuildPhase;
			buildActionMask = 2147483647;
			files = (
				49431CEE1A4BF15C00F7FC2F /* AVFoundation.framework in Frameworks */,
				4900ED131A2F12B40004A1E2 /* QuartzCore.framework in Frameworks */,
				4900ED111A2F12AB0004A1E2 /* Security.framework in Frameworks */,
				4900ED061A2F127E0004A1E2 /* DropboxSDK.framework in Frameworks */,
				4932614B1A25B462001D9535 /* MapKit.framework in Frameworks */,
				493261491A25B45B001D9535 /* CoreMotion.framework in Frameworks */,
				493261011A258B50001D9535 /* CoreGraphics.framework in Frameworks */,
				493261031A258B50001D9535 /* UIKit.framework in Frameworks */,
				493260FF1A258B50001D9535 /* Foundation.framework in Frameworks */,
			);
			runOnlyForDeploymentPostprocessing = 0;
		};
		493261191A258B50001D9535 /* Frameworks */ = {
			isa = PBXFrameworksBuildPhase;
			buildActionMask = 2147483647;
			files = (
				4932611E1A258B50001D9535 /* XCTest.framework in Frameworks */,
				493261201A258B50001D9535 /* UIKit.framework in Frameworks */,
				4932611F1A258B50001D9535 /* Foundation.framework in Frameworks */,
			);
			runOnlyForDeploymentPostprocessing = 0;
		};
/* End PBXFrameworksBuildPhase section */

/* Begin PBXGroup section */
		4915D0ED1A4ECA5500554480 /* Classes */ = {
			isa = PBXGroup;
			children = (
				4915D0EE1A4ECA5500554480 /* Model */,
				4915D0F51A4ECA5500554480 /* ViewController */,
			);
			path = Classes;
			sourceTree = "<group>";
		};
		4915D0EE1A4ECA5500554480 /* Model */ = {
			isa = PBXGroup;
			children = (
				4915D0EF1A4ECA5500554480 /* Defines.h */,
				4915D0F01A4ECA5500554480 /* Defines.m */,
				4915D0F11A4ECA5500554480 /* DropboxUploader.h */,
				4915D0F21A4ECA5500554480 /* DropboxUploader.m */,
				4915D0F31A4ECA5500554480 /* GyroDataManager.h */,
				4915D0F41A4ECA5500554480 /* GyroDataManager.m */,
			);
			path = Model;
			sourceTree = "<group>";
		};
		4915D0F51A4ECA5500554480 /* ViewController */ = {
			isa = PBXGroup;
			children = (
				4915D0F61A4ECA5500554480 /* AddSectionViewController.h */,
				4915D0F71A4ECA5500554480 /* AddSectionViewController.m */,
				4915D0F81A4ECA5500554480 /* ConfigViewController.h */,
				4915D0F91A4ECA5500554480 /* ConfigViewController.m */,
				4915D0FA1A4ECA5500554480 /* SectionTableViewController.h */,
				4915D0FB1A4ECA5500554480 /* SectionTableViewController.m */,
			);
			path = ViewController;
			sourceTree = "<group>";
		};
		493260F21A258B50001D9535 = {
			isa = PBXGroup;
			children = (
				493261041A258B50001D9535 /* TrainGyroRecorder */,
				493261231A258B50001D9535 /* TrainGyroRecorderTests */,
				493260FD1A258B50001D9535 /* Frameworks */,
				493260FC1A258B50001D9535 /* Products */,
			);
			sourceTree = "<group>";
		};
		493260FC1A258B50001D9535 /* Products */ = {
			isa = PBXGroup;
			children = (
				493260FB1A258B50001D9535 /* TrainGyroRecorder.app */,
				4932611C1A258B50001D9535 /* TrainGyroRecorderTests.xctest */,
			);
			name = Products;
			sourceTree = "<group>";
		};
		493260FD1A258B50001D9535 /* Frameworks */ = {
			isa = PBXGroup;
			children = (
				4900ECDB1A2F127D0004A1E2 /* DropboxSDK.framework */,
				49431CED1A4BF15C00F7FC2F /* AVFoundation.framework */,
				4900ED121A2F12B40004A1E2 /* QuartzCore.framework */,
				4900ED101A2F12AB0004A1E2 /* Security.framework */,
				4932614A1A25B462001D9535 /* MapKit.framework */,
				493261481A25B45B001D9535 /* CoreMotion.framework */,
				493260FE1A258B50001D9535 /* Foundation.framework */,
				493261001A258B50001D9535 /* CoreGraphics.framework */,
				493261021A258B50001D9535 /* UIKit.framework */,
				4932611D1A258B50001D9535 /* XCTest.framework */,
			);
			name = Frameworks;
			sourceTree = "<group>";
		};
		493261041A258B50001D9535 /* TrainGyroRecorder */ = {
			isa = PBXGroup;
			children = (
				4932610D1A258B50001D9535 /* AppDelegate.h */,
				4932610E1A258B50001D9535 /* AppDelegate.m */,
				493261101A258B50001D9535 /* Main.storyboard */,
				4915D0ED1A4ECA5500554480 /* Classes */,
				493261161A258B50001D9535 /* Images.xcassets */,
				493261051A258B50001D9535 /* Supporting Files */,
			);
			path = TrainGyroRecorder;
			sourceTree = "<group>";
		};
		493261051A258B50001D9535 /* Supporting Files */ = {
			isa = PBXGroup;
			children = (
				49431CEF1A4BF1D200F7FC2F /* bgm.mp3 */,
				493261061A258B50001D9535 /* TrainGyroRecorder-Info.plist */,
				493261071A258B50001D9535 /* InfoPlist.strings */,
				4932610A1A258B50001D9535 /* main.m */,
				4932610C1A258B50001D9535 /* TrainGyroRecorder-Prefix.pch */,
			);
			name = "Supporting Files";
			sourceTree = "<group>";
		};
		493261231A258B50001D9535 /* TrainGyroRecorderTests */ = {
			isa = PBXGroup;
			children = (
				493261291A258B50001D9535 /* TrainGyroRecorderTests.m */,
				493261241A258B50001D9535 /* Supporting Files */,
			);
			path = TrainGyroRecorderTests;
			sourceTree = "<group>";
		};
		493261241A258B50001D9535 /* Supporting Files */ = {
			isa = PBXGroup;
			children = (
				493261251A258B50001D9535 /* TrainGyroRecorderTests-Info.plist */,
				493261261A258B50001D9535 /* InfoPlist.strings */,
			);
			name = "Supporting Files";
			sourceTree = "<group>";
		};
/* End PBXGroup section */

/* Begin PBXNativeTarget section */
		493260FA1A258B50001D9535 /* TrainGyroRecorder */ = {
			isa = PBXNativeTarget;
			buildConfigurationList = 4932612D1A258B50001D9535 /* Build configuration list for PBXNativeTarget "TrainGyroRecorder" */;
			buildPhases = (
				493260F71A258B50001D9535 /* Sources */,
				493260F81A258B50001D9535 /* Frameworks */,
				493260F91A258B50001D9535 /* Resources */,
			);
			buildRules = (
			);
			dependencies = (
			);
			name = TrainGyroRecorder;
			productName = TrainGyroRecorder;
			productReference = 493260FB1A258B50001D9535 /* TrainGyroRecorder.app */;
			productType = "com.apple.product-type.application";
		};
		4932611B1A258B50001D9535 /* TrainGyroRecorderTests */ = {
			isa = PBXNativeTarget;
			buildConfigurationList = 493261301A258B50001D9535 /* Build configuration list for PBXNativeTarget "TrainGyroRecorderTests" */;
			buildPhases = (
				493261181A258B50001D9535 /* Sources */,
				493261191A258B50001D9535 /* Frameworks */,
				4932611A1A258B50001D9535 /* Resources */,
			);
			buildRules = (
			);
			dependencies = (
				493261221A258B50001D9535 /* PBXTargetDependency */,
			);
			name = TrainGyroRecorderTests;
			productName = TrainGyroRecorderTests;
			productReference = 4932611C1A258B50001D9535 /* TrainGyroRecorderTests.xctest */;
			productType = "com.apple.product-type.bundle.unit-test";
		};
/* End PBXNativeTarget section */

/* Begin PBXProject section */
		493260F31A258B50001D9535 /* Project object */ = {
			isa = PBXProject;
			attributes = {
				LastUpgradeCheck = 0510;
				ORGANIZATIONNAME = "Jin Sasaki";
				TargetAttributes = {
					493260FA1A258B50001D9535 = {
						DevelopmentTeam = T888KGB3C4;
						SystemCapabilities = {
							com.apple.BackgroundModes = {
								enabled = 1;
							};
						};
					};
					4932611B1A258B50001D9535 = {
						TestTargetID = 493260FA1A258B50001D9535;
					};
				};
			};
			buildConfigurationList = 493260F61A258B50001D9535 /* Build configuration list for PBXProject "TrainGyroRecorder" */;
			compatibilityVersion = "Xcode 3.2";
			developmentRegion = English;
			hasScannedForEncodings = 0;
			knownRegions = (
				en,
				Base,
			);
			mainGroup = 493260F21A258B50001D9535;
			productRefGroup = 493260FC1A258B50001D9535 /* Products */;
			projectDirPath = "";
			projectRoot = "";
			targets = (
				493260FA1A258B50001D9535 /* TrainGyroRecorder */,
				4932611B1A258B50001D9535 /* TrainGyroRecorderTests */,
			);
		};
/* End PBXProject section */

/* Begin PBXResourcesBuildPhase section */
		493260F91A258B50001D9535 /* Resources */ = {
			isa = PBXResourcesBuildPhase;
			buildActionMask = 2147483647;
			files = (
				493261171A258B50001D9535 /* Images.xcassets in Resources */,
				493261091A258B50001D9535 /* InfoPlist.strings in Resources */,
				493261121A258B50001D9535 /* Main.storyboard in Resources */,
				49431CF01A4BF1D200F7FC2F /* bgm.mp3 in Resources */,
			);
			runOnlyForDeploymentPostprocessing = 0;
		};
		4932611A1A258B50001D9535 /* Resources */ = {
			isa = PBXResourcesBuildPhase;
			buildActionMask = 2147483647;
			files = (
				493261281A258B50001D9535 /* InfoPlist.strings in Resources */,
			);
			runOnlyForDeploymentPostprocessing = 0;
		};
/* End PBXResourcesBuildPhase section */

/* Begin PBXSourcesBuildPhase section */
		493260F71A258B50001D9535 /* Sources */ = {
			isa = PBXSourcesBuildPhase;
			buildActionMask = 2147483647;
			files = (
				4932610F1A258B50001D9535 /* AppDelegate.m in Sources */,
				4932610B1A258B50001D9535 /* main.m in Sources */,
				4915D0FD1A4ECA5500554480 /* DropboxUploader.m in Sources */,
				4915D1011A4ECA5500554480 /* SectionTableViewController.m in Sources */,
				4915D0FE1A4ECA5500554480 /* GyroDataManager.m in Sources */,
				4915D0FF1A4ECA5500554480 /* AddSectionViewController.m in Sources */,
				4915D1001A4ECA5500554480 /* ConfigViewController.m in Sources */,
				4915D0FC1A4ECA5500554480 /* Defines.m in Sources */,
			);
			runOnlyForDeploymentPostprocessing = 0;
		};
		493261181A258B50001D9535 /* Sources */ = {
			isa = PBXSourcesBuildPhase;
			buildActionMask = 2147483647;
			files = (
				4932612A1A258B50001D9535 /* TrainGyroRecorderTests.m in Sources */,
			);
			runOnlyForDeploymentPostprocessing = 0;
		};
/* End PBXSourcesBuildPhase section */

/* Begin PBXTargetDependency section */
		493261221A258B50001D9535 /* PBXTargetDependency */ = {
			isa = PBXTargetDependency;
			target = 493260FA1A258B50001D9535 /* TrainGyroRecorder */;
			targetProxy = 493261211A258B50001D9535 /* PBXContainerItemProxy */;
		};
/* End PBXTargetDependency section */

/* Begin PBXVariantGroup section */
		493261071A258B50001D9535 /* InfoPlist.strings */ = {
			isa = PBXVariantGroup;
			children = (
				493261081A258B50001D9535 /* en */,
			);
			name = InfoPlist.strings;
			sourceTree = "<group>";
		};
		493261101A258B50001D9535 /* Main.storyboard */ = {
			isa = PBXVariantGroup;
			children = (
				493261111A258B50001D9535 /* Base */,
			);
			name = Main.storyboard;
			sourceTree = "<group>";
		};
		493261261A258B50001D9535 /* InfoPlist.strings */ = {
			isa = PBXVariantGroup;
			children = (
				493261271A258B50001D9535 /* en */,
			);
			name = InfoPlist.strings;
			sourceTree = "<group>";
		};
/* End PBXVariantGroup section */

/* Begin XCBuildConfiguration section */
		4932612B1A258B50001D9535 /* Debug */ = {
			isa = XCBuildConfiguration;
			buildSettings = {
				ALWAYS_SEARCH_USER_PATHS = NO;
				CLANG_CXX_LANGUAGE_STANDARD = "gnu++0x";
				CLANG_CXX_LIBRARY = "libc++";
				CLANG_ENABLE_MODULES = YES;
				CLANG_ENABLE_OBJC_ARC = YES;
				CLANG_WARN_BOOL_CONVERSION = YES;
				CLANG_WARN_CONSTANT_CONVERSION = YES;
				CLANG_WARN_DIRECT_OBJC_ISA_USAGE = YES_ERROR;
				CLANG_WARN_EMPTY_BODY = YES;
				CLANG_WARN_ENUM_CONVERSION = YES;
				CLANG_WARN_INT_CONVERSION = YES;
				CLANG_WARN_OBJC_ROOT_CLASS = YES_ERROR;
				CLANG_WARN__DUPLICATE_METHOD_MATCH = YES;
				"CODE_SIGN_IDENTITY[sdk=iphoneos*]" = "iPhone Developer";
				COPY_PHASE_STRIP = NO;
				GCC_C_LANGUAGE_STANDARD = gnu99;
				GCC_DYNAMIC_NO_PIC = NO;
				GCC_OPTIMIZATION_LEVEL = 0;
				GCC_PREPROCESSOR_DEFINITIONS = (
					"DEBUG=1",
					"$(inherited)",
				);
				GCC_SYMBOLS_PRIVATE_EXTERN = NO;
				GCC_WARN_64_TO_32_BIT_CONVERSION = YES;
				GCC_WARN_ABOUT_RETURN_TYPE = YES_ERROR;
				GCC_WARN_UNDECLARED_SELECTOR = YES;
				GCC_WARN_UNINITIALIZED_AUTOS = YES_AGGRESSIVE;
				GCC_WARN_UNUSED_FUNCTION = YES;
				GCC_WARN_UNUSED_VARIABLE = YES;
				IPHONEOS_DEPLOYMENT_TARGET = 7.1;
				ONLY_ACTIVE_ARCH = YES;
				SDKROOT = iphoneos;
			};
			name = Debug;
		};
		4932612C1A258B50001D9535 /* Release */ = {
			isa = XCBuildConfiguration;
			buildSettings = {
				ALWAYS_SEARCH_USER_PATHS = NO;
				CLANG_CXX_LANGUAGE_STANDARD = "gnu++0x";
				CLANG_CXX_LIBRARY = "libc++";
				CLANG_ENABLE_MODULES = YES;
				CLANG_ENABLE_OBJC_ARC = YES;
				CLANG_WARN_BOOL_CONVERSION = YES;
				CLANG_WARN_CONSTANT_CONVERSION = YES;
				CLANG_WARN_DIRECT_OBJC_ISA_USAGE = YES_ERROR;
				CLANG_WARN_EMPTY_BODY = YES;
				CLANG_WARN_ENUM_CONVERSION = YES;
				CLANG_WARN_INT_CONVERSION = YES;
				CLANG_WARN_OBJC_ROOT_CLASS = YES_ERROR;
				CLANG_WARN__DUPLICATE_METHOD_MATCH = YES;
				"CODE_SIGN_IDENTITY[sdk=iphoneos*]" = "iPhone Developer";
				COPY_PHASE_STRIP = YES;
				ENABLE_NS_ASSERTIONS = NO;
				GCC_C_LANGUAGE_STANDARD = gnu99;
				GCC_WARN_64_TO_32_BIT_CONVERSION = YES;
				GCC_WARN_ABOUT_RETURN_TYPE = YES_ERROR;
				GCC_WARN_UNDECLARED_SELECTOR = YES;
				GCC_WARN_UNINITIALIZED_AUTOS = YES_AGGRESSIVE;
				GCC_WARN_UNUSED_FUNCTION = YES;
				GCC_WARN_UNUSED_VARIABLE = YES;
				IPHONEOS_DEPLOYMENT_TARGET = 7.1;
				SDKROOT = iphoneos;
				VALIDATE_PRODUCT = YES;
			};
			name = Release;
		};
		4932612E1A258B50001D9535 /* Debug */ = {
			isa = XCBuildConfiguration;
			buildSettings = {
				ASSETCATALOG_COMPILER_APPICON_NAME = AppIcon;
				ASSETCATALOG_COMPILER_LAUNCHIMAGE_NAME = LaunchImage;
				CODE_SIGN_IDENTITY = "iPhone Developer";
				"CODE_SIGN_IDENTITY[sdk=iphoneos*]" = "iPhone Developer";
				FRAMEWORK_SEARCH_PATHS = (
					"$(inherited)",
					"$(PROJECT_DIR)/TrainGyroRecorder",
				);
				GCC_PRECOMPILE_PREFIX_HEADER = YES;
				GCC_PREFIX_HEADER = "TrainGyroRecorder/TrainGyroRecorder-Prefix.pch";
				INFOPLIST_FILE = "TrainGyroRecorder/TrainGyroRecorder-Info.plist";
				IPHONEOS_DEPLOYMENT_TARGET = 7.0;
				PRODUCT_NAME = "$(TARGET_NAME)";
				PROVISIONING_PROFILE = "";
				WRAPPER_EXTENSION = app;
			};
			name = Debug;
		};
		4932612F1A258B50001D9535 /* Release */ = {
			isa = XCBuildConfiguration;
			buildSettings = {
				ASSETCATALOG_COMPILER_APPICON_NAME = AppIcon;
				ASSETCATALOG_COMPILER_LAUNCHIMAGE_NAME = LaunchImage;
				CODE_SIGN_IDENTITY = "iPhone Developer";
				"CODE_SIGN_IDENTITY[sdk=iphoneos*]" = "iPhone Developer";
				FRAMEWORK_SEARCH_PATHS = (
					"$(inherited)",
					"$(PROJECT_DIR)/TrainGyroRecorder",
				);
				GCC_PRECOMPILE_PREFIX_HEADER = YES;
				GCC_PREFIX_HEADER = "TrainGyroRecorder/TrainGyroRecorder-Prefix.pch";
				INFOPLIST_FILE = "TrainGyroRecorder/TrainGyroRecorder-Info.plist";
				IPHONEOS_DEPLOYMENT_TARGET = 7.0;
				PRODUCT_NAME = "$(TARGET_NAME)";
				PROVISIONING_PROFILE = "";
				WRAPPER_EXTENSION = app;
			};
			name = Release;
		};
		493261311A258B50001D9535 /* Debug */ = {
			isa = XCBuildConfiguration;
			buildSettings = {
				BUNDLE_LOADER = "$(BUILT_PRODUCTS_DIR)/TrainGyroRecorder.app/TrainGyroRecorder";
				FRAMEWORK_SEARCH_PATHS = (
					"$(SDKROOT)/Developer/Library/Frameworks",
					"$(inherited)",
					"$(DEVELOPER_FRAMEWORKS_DIR)",
				);
				GCC_PRECOMPILE_PREFIX_HEADER = YES;
				GCC_PREFIX_HEADER = "TrainGyroRecorder/TrainGyroRecorder-Prefix.pch";
				GCC_PREPROCESSOR_DEFINITIONS = (
					"DEBUG=1",
					"$(inherited)",
				);
				INFOPLIST_FILE = "TrainGyroRecorderTests/TrainGyroRecorderTests-Info.plist";
				PRODUCT_NAME = "$(TARGET_NAME)";
				TEST_HOST = "$(BUNDLE_LOADER)";
				WRAPPER_EXTENSION = xctest;
			};
			name = Debug;
		};
		493261321A258B50001D9535 /* Release */ = {
			isa = XCBuildConfiguration;
			buildSettings = {
				BUNDLE_LOADER = "$(BUILT_PRODUCTS_DIR)/TrainGyroRecorder.app/TrainGyroRecorder";
				FRAMEWORK_SEARCH_PATHS = (
					"$(SDKROOT)/Developer/Library/Frameworks",
					"$(inherited)",
					"$(DEVELOPER_FRAMEWORKS_DIR)",
				);
				GCC_PRECOMPILE_PREFIX_HEADER = YES;
				GCC_PREFIX_HEADER = "TrainGyroRecorder/TrainGyroRecorder-Prefix.pch";
				INFOPLIST_FILE = "TrainGyroRecorderTests/TrainGyroRecorderTests-Info.plist";
				PRODUCT_NAME = "$(TARGET_NAME)";
				TEST_HOST = "$(BUNDLE_LOADER)";
				WRAPPER_EXTENSION = xctest;
			};
			name = Release;
		};
/* End XCBuildConfiguration section */

/* Begin XCConfigurationList section */
		493260F61A258B50001D9535 /* Build configuration list for PBXProject "TrainGyroRecorder" */ = {
			isa = XCConfigurationList;
			buildConfigurations = (
				4932612B1A258B50001D9535 /* Debug */,
				4932612C1A258B50001D9535 /* Release */,
			);
			defaultConfigurationIsVisible = 0;
			defaultConfigurationName = Release;
		};
		4932612D1A258B50001D9535 /* Build configuration list for PBXNativeTarget "TrainGyroRecorder" */ = {
			isa = XCConfigurationList;
			buildConfigurations = (
				4932612E1A258B50001D9535 /* Debug */,
				4932612F1A258B50001D9535 /* Release */,
			);
			defaultConfigurationIsVisible = 0;
			defaultConfigurationName = Release;
		};
		493261301A258B50001D9535 /* Build configuration list for PBXNativeTarget "TrainGyroRecorderTests" */ = {
			isa = XCConfigurationList;
			buildConfigurations = (
				493261311A258B50001D9535 /* Debug */,
				493261321A258B50001D9535 /* Release */,
			);
			defaultConfigurationIsVisible = 0;
			defaultConfigurationName = Release;
		};
/* End XCConfigurationList section */
	};
	rootObject = 493260F31A258B50001D9535 /* Project object */;
}
